
Microsoft Visual Studio Solution File, Format Version 12.00
# Visual Studio Version 17
VisualStudioVersion = 17.1.32414.318
MinimumVisualStudioVersion = 10.0.40219.1
Project("{9A19103F-16F7-4668-BE54-9A1E7A4F7556}") = "HatCommunityWebsite.API", "HatCommunityWebsite.API\HatCommunityWebsite.API.csproj", "{C3AA70EB-AF85-4659-B1E5-5C82A1EC2350}"
EndProject
Project("{9A19103F-16F7-4668-BE54-9A1E7A4F7556}") = "HatCommunityWebsite.DB", "FullRuns.DB\HatCommunityWebsite.DB.csproj", "{9755B0DE-F915-4E00-8312-F0379B265A07}"
EndProject
Global
	GlobalSection(SolutionConfigurationPlatforms) = preSolution
		Debug|Any CPU = Debug|Any CPU
		Release|Any CPU = Release|Any CPU
	EndGlobalSection
	GlobalSection(ProjectConfigurationPlatforms) = postSolution
		{C3AA70EB-AF85-4659-B1E5-5C82A1EC2350}.Debug|Any CPU.ActiveCfg = Debug|Any CPU
		{C3AA70EB-AF85-4659-B1E5-5C82A1EC2350}.Debug|Any CPU.Build.0 = Debug|Any CPU
		{C3AA70EB-AF85-4659-B1E5-5C82A1EC2350}.Release|Any CPU.ActiveCfg = Release|Any CPU
		{C3AA70EB-AF85-4659-B1E5-5C82A1EC2350}.Release|Any CPU.Build.0 = Release|Any CPU
		{9755B0DE-F915-4E00-8312-F0379B265A07}.Debug|Any CPU.ActiveCfg = Debug|Any CPU
		{9755B0DE-F915-4E00-8312-F0379B265A07}.Debug|Any CPU.Build.0 = Debug|Any CPU
		{9755B0DE-F915-4E00-8312-F0379B265A07}.Release|Any CPU.ActiveCfg = Release|Any CPU
		{9755B0DE-F915-4E00-8312-F0379B265A07}.Release|Any CPU.Build.0 = Release|Any CPU
	EndGlobalSection
	GlobalSection(SolutionProperties) = preSolution
		HideSolutionNode = FALSE
	EndGlobalSection
	GlobalSection(ExtensibilityGlobals) = postSolution
		SolutionGuid = {96F1C91E-226A-4D38-B4B0-85EEB42F6A31}
	EndGlobalSection
EndGlobal
